{
  "name": "ldtimport",
  "version": "1.0.0",
  "lockfileVersion": 1,
  "requires": true,
  "dependencies": {
    "bignumber.js": {
      "version": "7.2.1",
      "resolved": "https://registry.npmjs.org/bignumber.js/-/bignumber.js-7.2.1.tgz",
      "integrity": "sha512-S4XzBk5sMB+Rcb/LNcpzXr57VRTxgAvaAEDAl1AwRx27j00hT84O6OkteE7u8UB3NuaaygCRrEpqox4uDOrbdQ=="
    },
    "codepage": {
      "version": "1.14.0",
      "resolved": "https://registry.npmjs.org/codepage/-/codepage-1.14.0.tgz",
      "integrity": "sha1-jL4lSBMjVZ19MHVxsP/5HnodL5k=",
      "requires": {
        "commander": "~2.14.1",
        "exit-on-epipe": "~1.0.1"
      },
      "dependencies": {
        "commander": {
          "version": "2.14.1",
          "resolved": "https://registry.npmjs.org/commander/-/commander-2.14.1.tgz",
          "integrity": "sha512-+YR16o3rK53SmWHU3rEM3tPAh2rwb1yPcQX5irVn7mb0gXbwuCCrnkbV5+PBfETdfg1vui07nM6PCG1zndcjQw=="
        }
      }
    },
    "colorette": {
      "version": "2.0.19",
      "resolved": "https://registry.npmjs.org/colorette/-/colorette-2.0.19.tgz",
      "integrity": "sha512-3tlv/dIP7FWvj3BsbHrGLJ6l/oKh1O3TcgBqMn+yyCagOxc23fyzDS6HypQbgxWbkpDnf52p1LuR4eWDQ/K9WQ=="
    },
    "commander": {
      "version": "5.0.0",
      "resolved": "https://registry.npmjs.org/commander/-/commander-5.0.0.tgz",
      "integrity": "sha512-JrDGPAKjMGSP1G0DUoaceEJ3DZgAfr/q6X7FVk4+U5KxUSKviYGM2k6zWkfyyBHy5rAtzgYJFa1ro2O9PtoxwQ=="
    },
    "core-util-is": {
      "version": "1.0.2",
      "resolved": "https://registry.npmjs.org/core-util-is/-/core-util-is-1.0.2.tgz",
      "integrity": "sha1-tf1UIgqivFq1eqtxQMlAdUUDwac="
    },
    "debug": {
      "version": "4.3.4",
      "resolved": "https://registry.npmjs.org/debug/-/debug-4.3.4.tgz",
      "integrity": "sha512-PRWFHuSU3eDtQJPvnNY7Jcket1j0t5OuOsFzPPzsekD52Zl8qUfFIPEiswXqIvHWGVHOgX+7G/vCNNhehwxfkQ==",
      "requires": {
        "ms": "2.1.2"
      }
    },
    "decode-uri-component": {
      "version": "0.2.0",
      "resolved": "https://registry.npmjs.org/decode-uri-component/-/decode-uri-component-0.2.0.tgz",
      "integrity": "sha1-6zkTMzRYd1y4TNGh+uBiEGu4dUU="
    },
    "escalade": {
      "version": "3.1.1",
      "resolved": "https://registry.npmjs.org/escalade/-/escalade-3.1.1.tgz",
      "integrity": "sha512-k0er2gUkLf8O0zKJiAhmkTnJlTvINGv7ygDNPbeIsX/TJjGJZHuh9B2UxbsaEkmlEo9MfhrSzmhIlhRlI2GXnw=="
    },
    "esm": {
      "version": "3.2.25",
      "resolved": "https://registry.npmjs.org/esm/-/esm-3.2.25.tgz",
      "integrity": "sha512-U1suiZ2oDVWv4zPO56S0NcR5QriEahGtdN2OR6FiOG4WJvcjBVFB0qI4+eKoWFH483PKGuLuu6V8Z4T5g63UVA=="
    },
    "exit-on-epipe": {
      "version": "1.0.1",
      "resolved": "https://registry.npmjs.org/exit-on-epipe/-/exit-on-epipe-1.0.1.tgz",
      "integrity": "sha512-h2z5mrROTxce56S+pnvAV890uu7ls7f1kEvVGJbw1OlFH3/mlJ5bkXu0KRyW94v37zzHPiUd55iLn3DA7TjWpw=="
    },
    "function-bind": {
      "version": "1.1.1",
      "resolved": "https://registry.npmjs.org/function-bind/-/function-bind-1.1.1.tgz",
      "integrity": "sha512-yIovAzMX49sF8Yl58fSCWJ5svSLuaibPxXQJFLmBObTuCr0Mf1KiPopGM9NiFjiYBCbfaa2Fh6breQ6ANVTI0A=="
    },
    "get-package-type": {
      "version": "0.1.0",
      "resolved": "https://registry.npmjs.org/get-package-type/-/get-package-type-0.1.0.tgz",
      "integrity": "sha512-pjzuKtY64GYfWizNAJ0fr9VqttZkNiK2iS430LtIHzjBEr6bX8Am2zm4sW4Ro5wjWW5cAlRL1qAMTcXbjNAO2Q=="
    },
    "getopts": {
      "version": "2.3.0",
      "resolved": "https://registry.npmjs.org/getopts/-/getopts-2.3.0.tgz",
      "integrity": "sha512-5eDf9fuSXwxBL6q5HX+dhDj+dslFGWzU5thZ9kNKUkcPtaPdatmUFKwHFrLb/uf/WpA4BHET+AX3Scl56cAjpA=="
    },
    "has": {
      "version": "1.0.3",
      "resolved": "https://registry.npmjs.org/has/-/has-1.0.3.tgz",
      "integrity": "sha512-f2dvO0VU6Oej7RkWJGrehjbzMAjFp5/VKPp5tTpWIV4JHHZK1/BxbFRtf/siA2SWTe09caDmVtYYzWEIbBS4zw==",
      "requires": {
        "function-bind": "^1.1.1"
      }
    },
    "iconv-lite": {
      "version": "0.4.24",
      "resolved": "https://registry.npmjs.org/iconv-lite/-/iconv-lite-0.4.24.tgz",
      "integrity": "sha512-v3MXnZAcvnywkTUEZomIActle7RXXeedOR31wwl7VlyoXO4Qi9arvSenNQWne1TcRwhCL1HwLI21bEqdpj8/rA==",
      "requires": {
        "safer-buffer": ">= 2.1.2 < 3"
      }
    },
    "inherits": {
      "version": "2.0.4",
      "resolved": "https://registry.npmjs.org/inherits/-/inherits-2.0.4.tgz",
      "integrity": "sha512-k/vGaX4/Yla3WzyMCvTQOXYeIHvqOKtnqBduzTHpzpQZzAskKMhZ2K+EnBiSM9zGSoIFeMpXKxa4dYeZIQqewQ=="
    },
    "interpret": {
      "version": "2.2.0",
      "resolved": "https://registry.npmjs.org/interpret/-/interpret-2.2.0.tgz",
      "integrity": "sha512-Ju0Bz/cEia55xDwUWEa8+olFpCiQoypjnQySseKtmjNrnps3P+xfpUmGr90T7yjlVJmOtybRvPXhKMbHr+fWnw=="
    },
    "is-core-module": {
      "version": "2.11.0",
      "resolved": "https://registry.npmjs.org/is-core-module/-/is-core-module-2.11.0.tgz",
      "integrity": "sha512-RRjxlvLDkD1YJwDbroBHMb+cukurkDWNyHx7D3oNB5x9rb5ogcksMC5wHCadcXoo67gVr/+3GFySh3134zi6rw==",
      "requires": {
        "has": "^1.0.3"
      }
    },
    "isarray": {
      "version": "1.0.0",
      "resolved": "https://registry.npmjs.org/isarray/-/isarray-1.0.0.tgz",
      "integrity": "sha1-u5NdSFgsuhaMBoNJV6VKPgcSTxE="
    },
    "iso-8859-15": {
      "version": "0.1.2",
      "resolved": "https://registry.npmjs.org/iso-8859-15/-/iso-8859-15-0.1.2.tgz",
      "integrity": "sha1-KNGlzSp6OQMFl937HLiZeThCVzs="
    },
    "iso-8859-2": {
      "version": "0.1.2",
      "resolved": "https://registry.npmjs.org/iso-8859-2/-/iso-8859-2-0.1.2.tgz",
      "integrity": "sha1-VQtMDykufryHM6dv/S5pkIx77P4="
    },
    "iso-8859-3": {
      "version": "0.1.2",
      "resolved": "https://registry.npmjs.org/iso-8859-3/-/iso-8859-3-0.1.2.tgz",
      "integrity": "sha1-PeT+tr1fZjllI+aSLFfSGKXJd2Q="
    },
    "iso-8859-4": {
      "version": "0.1.2",
      "resolved": "https://registry.npmjs.org/iso-8859-4/-/iso-8859-4-0.1.2.tgz",
      "integrity": "sha1-bM3E/URq2f0uDPMXTnu9H1haw+Y="
    },
    "iso-8859-5": {
      "version": "0.1.2",
      "resolved": "https://registry.npmjs.org/iso-8859-5/-/iso-8859-5-0.1.2.tgz",
      "integrity": "sha1-oYkIiIXgtAXYgB9tbkLD/gxDvKs="
    },
    "iso-8859-6": {
      "version": "0.1.2",
      "resolved": "https://registry.npmjs.org/iso-8859-6/-/iso-8859-6-0.1.2.tgz",
      "integrity": "sha1-YQwEDlxfCXJzCqL4Kyjl54dNVmE="
    },
    "iso-8859-7": {
      "version": "0.1.2",
      "resolved": "https://registry.npmjs.org/iso-8859-7/-/iso-8859-7-0.1.2.tgz",
      "integrity": "sha1-Tlr64n716I4dXmziMVspkmDXuZk="
    },
    "iso-8859-8": {
      "version": "0.1.2",
      "resolved": "https://registry.npmjs.org/iso-8859-8/-/iso-8859-8-0.1.2.tgz",
      "integrity": "sha1-NUvZfApt4/ny7Q0x77ONQr+gvOU="
    },
    "iso-8859-8-i": {
      "version": "0.1.2",
      "resolved": "https://registry.npmjs.org/iso-8859-8-i/-/iso-8859-8-i-0.1.2.tgz",
      "integrity": "sha1-cAlX57fEK6i1RruHbbh1nQDyGVw="
    },
    "jconv": {
      "version": "0.1.5",
      "resolved": "https://registry.npmjs.org/jconv/-/jconv-0.1.5.tgz",
      "integrity": "sha1-xlDtukzCzm3Skr85ELEjQzxLR/U="
    },
    "knex": {
      "version": "2.4.0",
      "resolved": "https://registry.npmjs.org/knex/-/knex-2.4.0.tgz",
      "integrity": "sha512-i0GWwqYp1Hs2yvc2rlDO6nzzkLhwdyOZKRdsMTB8ZxOs2IXQyL5rBjSbS1krowCh6V65T4X9CJaKtuIfkaPGSA==",
      "requires": {
        "colorette": "2.0.19",
        "commander": "^9.1.0",
        "debug": "4.3.4",
        "escalade": "^3.1.1",
        "esm": "^3.2.25",
        "get-package-type": "^0.1.0",
        "getopts": "2.3.0",
        "interpret": "^2.2.0",
        "lodash": "^4.17.21",
        "pg-connection-string": "2.5.0",
        "rechoir": "^0.8.0",
        "resolve-from": "^5.0.0",
        "tarn": "^3.0.2",
        "tildify": "2.0.0"
      },
      "dependencies": {
        "commander": {
          "version": "9.5.0",
          "resolved": "https://registry.npmjs.org/commander/-/commander-9.5.0.tgz",
          "integrity": "sha512-KRs7WVDKg86PWiuAqhDrAQnTXZKraVcCc6vFdL14qrZ/DcWwuRo7VoiYXalXO7S5GKpqYiVEwCbgFDfxNHKJBQ=="
        }
      }
    },
    "koi8-r": {
      "version": "0.1.2",
      "resolved": "https://registry.npmjs.org/koi8-r/-/koi8-r-0.1.2.tgz",
      "integrity": "sha1-pc2d3IVV3NYAc1tokPLT2GlU5+g="
    },
    "legacy-encoding": {
      "version": "3.0.0",
      "resolved": "https://registry.npmjs.org/legacy-encoding/-/legacy-encoding-3.0.0.tgz",
      "integrity": "sha1-oTvTn9kXZXLhRTbTFd/KjqOA2OE=",
      "requires": {
        "iconv-lite": "^0.4.4",
        "iso-8859-15": "^0.1.2",
        "iso-8859-2": "^0.1.2",
        "iso-8859-3": "^0.1.2",
        "iso-8859-4": "^0.1.2",
        "iso-8859-5": "^0.1.2",
        "iso-8859-6": "^0.1.2",
        "iso-8859-7": "^0.1.2",
        "iso-8859-8": "^0.1.2",
        "iso-8859-8-i": "^0.1.2",
        "jconv": "^0.1.5",
        "koi8-r": "^0.1.2",
        "macintosh": "^0.1.2",
        "windows-1250": "^0.1.2",
        "windows-1251": "^0.1.2",
        "windows-1252": "^0.1.2",
        "windows-1253": "^0.1.2",
        "windows-1254": "^0.1.2",
        "windows-1255": "^0.1.2",
        "windows-1256": "^0.1.2",
        "windows-1257": "^0.1.2",
        "windows-1258": "^0.1.2",
        "windows-874": "^0.1.2",
        "x-mac-cyrillic": "^0.1.2"
      }
    },
    "lodash": {
      "version": "4.17.21",
      "resolved": "https://registry.npmjs.org/lodash/-/lodash-4.17.21.tgz",
      "integrity": "sha512-v2kDEe57lecTulaDIuNTPy3Ry4gLGJ6Z1O3vE1krgXZNrsQ+LFTGHVxVjcXPs17LhbZVGedAJv8XZ1tvj5FvSg=="
    },
    "macintosh": {
      "version": "0.1.2",
      "resolved": "https://registry.npmjs.org/macintosh/-/macintosh-0.1.2.tgz",
      "integrity": "sha1-gu9KUSjxqlH2I6pVRcJJRgdqybs="
    },
    "ms": {
      "version": "2.1.2",
      "resolved": "https://registry.npmjs.org/ms/-/ms-2.1.2.tgz",
      "integrity": "sha512-sGkPx+VjMtmA6MX27oA4FBFELFCZZ4S4XqeGOXCv68tT+jb3vk/RyaKWP0PTKyWtmLSM0b+adUTEvbs1PEaH2w=="
    },
    "mysql": {
      "version": "2.17.1",
      "resolved": "https://registry.npmjs.org/mysql/-/mysql-2.17.1.tgz",
      "integrity": "sha512-7vMqHQ673SAk5C8fOzTG2LpPcf3bNt0oL3sFpxPEEFp1mdlDcrLK0On7z8ZYKaaHrHwNcQ/MTUz7/oobZ2OyyA==",
      "requires": {
        "bignumber.js": "7.2.1",
        "readable-stream": "2.3.6",
        "safe-buffer": "5.1.2",
        "sqlstring": "2.3.1"
      }
    },
    "path-parse": {
      "version": "1.0.7",
      "resolved": "https://registry.npmjs.org/path-parse/-/path-parse-1.0.7.tgz",
      "integrity": "sha512-LDJzPVEEEPR+y48z93A0Ed0yXb8pAByGWo/k5YYdYgpY2/2EsOsksJrq7lOHxryrVOn1ejG6oAp8ahvOIQD8sw=="
    },
    "pg-connection-string": {
      "version": "2.5.0",
      "resolved": "https://registry.npmjs.org/pg-connection-string/-/pg-connection-string-2.5.0.tgz",
      "integrity": "sha512-r5o/V/ORTA6TmUnyWZR9nCj1klXCO2CEKNRlVuJptZe85QuhFayC7WeMic7ndayT5IRIR0S0xFxFi2ousartlQ=="
    },
    "process-nextick-args": {
      "version": "2.0.1",
      "resolved": "https://registry.npmjs.org/process-nextick-args/-/process-nextick-args-2.0.1.tgz",
      "integrity": "sha512-3ouUOpQhtgrbOa17J7+uxOTpITYWaGP7/AhoR3+A+/1e9skrzelGi/dXzEYyvbxubEF6Wn2ypscTKiKJFFn1ag=="
    },
    "query-string": {
      "version": "6.9.0",
      "resolved": "https://registry.npmjs.org/query-string/-/query-string-6.9.0.tgz",
      "integrity": "sha512-KG4bhCFYapExLsUHrFt+kQVEegF2agm4cpF/VNc6pZVthIfCc/GK8t8VyNIE3nyXG9DK3Tf2EGkxjR6/uRdYsA==",
      "requires": {
        "decode-uri-component": "^0.2.0",
        "split-on-first": "^1.0.0",
        "strict-uri-encode": "^2.0.0"
      }
    },
    "readable-stream": {
      "version": "2.3.6",
      "resolved": "https://registry.npmjs.org/readable-stream/-/readable-stream-2.3.6.tgz",
      "integrity": "sha512-tQtKA9WIAhBF3+VLAseyMqZeBjW0AHJoxOtYqSUZNJxauErmLbVm2FW1y+J/YA9dUrAC39ITejlZWhVIwawkKw==",
      "requires": {
        "core-util-is": "~1.0.0",
        "inherits": "~2.0.3",
        "isarray": "~1.0.0",
        "process-nextick-args": "~2.0.0",
        "safe-buffer": "~5.1.1",
        "string_decoder": "~1.1.1",
        "util-deprecate": "~1.0.1"
      }
    },
    "rechoir": {
      "version": "0.8.0",
      "resolved": "https://registry.npmjs.org/rechoir/-/rechoir-0.8.0.tgz",
      "integrity": "sha512-/vxpCXddiX8NGfGO/mTafwjq4aFa/71pvamip0++IQk3zG8cbCj0fifNPrjjF1XMXUne91jL9OoxmdykoEtifQ==",
      "requires": {
        "resolve": "^1.20.0"
      }
    },
    "resolve": {
      "version": "1.22.1",
      "resolved": "https://registry.npmjs.org/resolve/-/resolve-1.22.1.tgz",
      "integrity": "sha512-nBpuuYuY5jFsli/JIs1oldw6fOQCBioohqWZg/2hiaOybXOft4lonv85uDOKXdf8rhyK159cxU5cDcK/NKk8zw==",
      "requires": {
        "is-core-module": "^2.9.0",
        "path-parse": "^1.0.7",
        "supports-preserve-symlinks-flag": "^1.0.0"
      }
    },
    "resolve-from": {
      "version": "5.0.0",
      "resolved": "https://registry.npmjs.org/resolve-from/-/resolve-from-5.0.0.tgz",
      "integrity": "sha512-qYg9KP24dD5qka9J47d0aVky0N+b4fTU89LN9iDnjB5waksiC49rvMB0PrUJQGoTmH50XPiqOvAjDfaijGxYZw=="
    },
    "safe-buffer": {
      "version": "5.1.2",
      "resolved": "https://registry.npmjs.org/safe-buffer/-/safe-buffer-5.1.2.tgz",
      "integrity": "sha512-Gd2UZBJDkXlY7GbJxfsE8/nvKkUEU1G38c1siN6QP6a9PT9MmHB8GnpscSmMJSoF8LOIrt8ud/wPtojys4G6+g=="
    },
    "safer-buffer": {
      "version": "2.1.2",
      "resolved": "https://registry.npmjs.org/safer-buffer/-/safer-buffer-2.1.2.tgz",
      "integrity": "sha512-YZo3K82SD7Riyi0E1EQPojLz7kpepnSQI9IyPbHHg1XXXevb5dJI7tpyN2ADxGcQbHG7vcyRHk0cbwqcQriUtg=="
    },
    "split-on-first": {
      "version": "1.1.0",
      "resolved": "https://registry.npmjs.org/split-on-first/-/split-on-first-1.1.0.tgz",
      "integrity": "sha512-43ZssAJaMusuKWL8sKUBQXHWOpq8d6CfN/u1p4gUzfJkM05C8rxTmYrkIPTXapZpORA6LkkzcUulJ8FqA7Uudw=="
    },
    "sqlstring": {
      "version": "2.3.1",
      "resolved": "https://registry.npmjs.org/sqlstring/-/sqlstring-2.3.1.tgz",
      "integrity": "sha1-R1OT/56RR5rqYtyvDKPRSYOn+0A="
    },
    "strict-uri-encode": {
      "version": "2.0.0",
      "resolved": "https://registry.npmjs.org/strict-uri-encode/-/strict-uri-encode-2.0.0.tgz",
      "integrity": "sha1-ucczDHBChi9rFC3CdLvMWGbONUY="
    },
    "string_decoder": {
      "version": "1.1.1",
      "resolved": "https://registry.npmjs.org/string_decoder/-/string_decoder-1.1.1.tgz",
      "integrity": "sha512-n/ShnvDi6FHbbVfviro+WojiFzv+s8MPMHBczVePfUpDJLwoLT0ht1l4YwBCbi8pJAveEEdnkHyPyTP/mzRfwg==",
      "requires": {
        "safe-buffer": "~5.1.0"
      }
    },
    "supports-preserve-symlinks-flag": {
      "version": "1.0.0",
      "resolved": "https://registry.npmjs.org/supports-preserve-symlinks-flag/-/supports-preserve-symlinks-flag-1.0.0.tgz",
      "integrity": "sha512-ot0WnXS9fgdkgIcePe6RHNk1WA8+muPa6cSjeR3V8K27q9BB1rTE3R1p7Hv0z1ZyAc8s6Vvv8DIyWf681MAt0w=="
    },
    "tarn": {
      "version": "3.0.2",
      "resolved": "https://registry.npmjs.org/tarn/-/tarn-3.0.2.tgz",
      "integrity": "sha512-51LAVKUSZSVfI05vjPESNc5vwqqZpbXCsU+/+wxlOrUjk2SnFTt97v9ZgQrD4YmxYW1Px6w2KjaDitCfkvgxMQ=="
    },
    "tildify": {
      "version": "2.0.0",
      "resolved": "https://registry.npmjs.org/tildify/-/tildify-2.0.0.tgz",
      "integrity": "sha512-Cc+OraorugtXNfs50hU9KS369rFXCfgGLpfCfvlc+Ud5u6VWmUQsOAa9HbTvheQdYnrdJqqv1e5oIqXppMYnSw=="
    },
    "util-deprecate": {
      "version": "1.0.2",
      "resolved": "https://registry.npmjs.org/util-deprecate/-/util-deprecate-1.0.2.tgz",
      "integrity": "sha1-RQ1Nyfpw3nMnYvvS1KKJgUGaDM8="
    },
    "windows-1250": {
      "version": "0.1.2",
      "resolved": "https://registry.npmjs.org/windows-1250/-/windows-1250-0.1.2.tgz",
      "integrity": "sha1-w3uaBz5AW89CCB02uq8v3nc7mcw="
    },
    "windows-1251": {
      "version": "0.1.2",
      "resolved": "https://registry.npmjs.org/windows-1251/-/windows-1251-0.1.2.tgz",
      "integrity": "sha1-SIHY+QU9Dre1+l008PlNYN5DwtM="
    },
    "windows-1252": {
      "version": "0.1.2",
      "resolved": "https://registry.npmjs.org/windows-1252/-/windows-1252-0.1.2.tgz",
      "integrity": "sha1-Zit1Mede3ZRcLby6K/eZwXC4yBY="
    },
    "windows-1253": {
      "version": "0.1.2",
      "resolved": "https://registry.npmjs.org/windows-1253/-/windows-1253-0.1.2.tgz",
      "integrity": "sha1-z6AiW33dZqj0A43qbpOJRXMPklE="
    },
    "windows-1254": {
      "version": "0.1.2",
      "resolved": "https://registry.npmjs.org/windows-1254/-/windows-1254-0.1.2.tgz",
      "integrity": "sha1-rXeQfF7k7FGvpkpFyqJF7C1Ti4M="
    },
    "windows-1255": {
      "version": "0.1.2",
      "resolved": "https://registry.npmjs.org/windows-1255/-/windows-1255-0.1.2.tgz",
      "integrity": "sha1-HSCCyriBdV+jIr7ELz9iaRjMpSE="
    },
    "windows-1256": {
      "version": "0.1.2",
      "resolved": "https://registry.npmjs.org/windows-1256/-/windows-1256-0.1.2.tgz",
      "integrity": "sha1-mwlXRpikEnQfSzVsJFCo/5KpDJI="
    },
    "windows-1257": {
      "version": "0.1.2",
      "resolved": "https://registry.npmjs.org/windows-1257/-/windows-1257-0.1.2.tgz",
      "integrity": "sha1-i0xE7rDpcbtzQPv0+eZ06GDLtmY="
    },
    "windows-1258": {
      "version": "0.1.2",
      "resolved": "https://registry.npmjs.org/windows-1258/-/windows-1258-0.1.2.tgz",
      "integrity": "sha1-MCM96qvaEYSUJGkzOIVrlVLeVg4="
    },
    "windows-874": {
      "version": "0.1.2",
      "resolved": "https://registry.npmjs.org/windows-874/-/windows-874-0.1.2.tgz",
      "integrity": "sha1-dyI7Ptabdd6Yhtz6K73VI6fconc="
    },
    "x-mac-cyrillic": {
      "version": "0.1.2",
      "resolved": "https://registry.npmjs.org/x-mac-cyrillic/-/x-mac-cyrillic-0.1.2.tgz",
      "integrity": "sha1-dpMPw3V1SSmxCkmONFE3+Ut0ezw="
    }
  }
}
